
Microsoft Visual Studio Solution File, Format Version 12.00
# Visual Studio Version 16
VisualStudioVersion = 16.0.30611.23
MinimumVisualStudioVersion = 10.0.40219.1
Project("{FAE04EC0-301F-11D3-BF4B-00C04F79EFBC}") = "EntityFramwork1N", "EntityFramwork1N\EntityFramwork1N.csproj", "{5A256B9C-F71F-491E-BD21-E1AFF8176832}"
EndProject
Global
	GlobalSection(SolutionConfigurationPlatforms) = preSolution
		Debug|Any CPU = Debug|Any CPU
		Release|Any CPU = Release|Any CPU
	EndGlobalSection
	GlobalSection(ProjectConfigurationPlatforms) = postSolution
		{5A256B9C-F71F-491E-BD21-E1AFF8176832}.Debug|Any CPU.ActiveCfg = Debug|Any CPU
		{5A256B9C-F71F-491E-BD21-E1AFF8176832}.Debug|Any CPU.Build.0 = Debug|Any CPU
		{5A256B9C-F71F-491E-BD21-E1AFF8176832}.Release|Any CPU.ActiveCfg = Release|Any CPU
		{5A256B9C-F71F-491E-BD21-E1AFF8176832}.Release|Any CPU.Build.0 = Release|Any CPU
	EndGlobalSection
	GlobalSection(SolutionProperties) = preSolution
		HideSolutionNode = FALSE
	EndGlobalSection
	GlobalSection(ExtensibilityGlobals) = postSolution
		SolutionGuid = {AA3241D3-048D-4B2C-8EFA-907B08700667}
	EndGlobalSection
EndGlobal
